
Microsoft Visual Studio Solution File, Format Version 12.00
# Visual Studio 14
VisualStudioVersion = 14.0.25420.1
MinimumVisualStudioVersion = 10.0.40219.1
Project("{2150E333-8FDC-42A3-9474-1A3956D46DE8}") = "src", "src", "{A8377C67-0782-47D7-8DAA-FA63C9540EC4}"
EndProject
Project("{2150E333-8FDC-42A3-9474-1A3956D46DE8}") = "Solution Items", "Solution Items", "{FB784359-12C4-4C50-AF45-A00B667C2EFC}"
	ProjectSection(SolutionItems) = preProject
		global.json = global.json
	EndProjectSection
EndProject
Project("{8BB2217D-0F2D-49D1-97BC-3654ED321F3B}") = "NQueens", "src\NQueens\NQueens.xproj", "{4F28F63B-D618-43AC-BB40-906D543C7CB4}"
EndProject
Global
	GlobalSection(SolutionConfigurationPlatforms) = preSolution
		Debug|Any CPU = Debug|Any CPU
		Release|Any CPU = Release|Any CPU
	EndGlobalSection
	GlobalSection(ProjectConfigurationPlatforms) = postSolution
		{4F28F63B-D618-43AC-BB40-906D543C7CB4}.Debug|Any CPU.ActiveCfg = Debug|Any CPU
		{4F28F63B-D618-43AC-BB40-906D543C7CB4}.Debug|Any CPU.Build.0 = Debug|Any CPU
		{4F28F63B-D618-43AC-BB40-906D543C7CB4}.Release|Any CPU.ActiveCfg = Release|Any CPU
		{4F28F63B-D618-43AC-BB40-906D543C7CB4}.Release|Any CPU.Build.0 = Release|Any CPU
	EndGlobalSection
	GlobalSection(SolutionProperties) = preSolution
		HideSolutionNode = FALSE
	EndGlobalSection
	GlobalSection(NestedProjects) = preSolution
		{4F28F63B-D618-43AC-BB40-906D543C7CB4} = {A8377C67-0782-47D7-8DAA-FA63C9540EC4}
	EndGlobalSection
EndGlobal
